dependencies:
- name: grafana-agent
  repository: https://grafana.github.io/helm-charts
  version: 0.27.1
- name: grafana-agent
  repository: https://grafana.github.io/helm-charts
  version: 0.27.1
- name: kube-state-metrics
  repository: https://prometheus-community.github.io/helm-charts
  version: 5.14.0
- name: prometheus-node-exporter
  repository: https://prometheus-community.github.io/helm-charts
  version: 4.23.2
- name: prometheus-operator-crds
  repository: https://prometheus-community.github.io/helm-charts
  version: 6.0.0
- name: prometheus-windows-exporter
  repository: https://prometheus-community.github.io/helm-charts
  version: 0.1.1
- name: opencost
  repository: https://opencost.github.io/opencost-helm-chart
  version: 1.26.0
digest: sha256:9fd95949a93f1e3d8dbf7f8325ed2f223d47ccf14cc11fa5d013d083a61b8033
generated: "2023-11-02T00:15:52.116197462Z"
